// !$*UTF8*$!
{
	archiveVersion = 1;
	classes = {
	};
	objectVersion = 50;
	objects = {

/* Begin PBXBuildFile section */
		C474B36022C95791004BB312 /* AppDelegate.swift in Sources */ = {isa = PBXBuildFile; fileRef = C474B35F22C95791004BB312 /* AppDelegate.swift */; };
		C474B36222C95791004BB312 /* ViewController.swift in Sources */ = {isa = PBXBuildFile; fileRef = C474B36122C95791004BB312 /* ViewController.swift */; };
		C474B36522C95791004BB312 /* Main.storyboard in Resources */ = {isa = PBXBuildFile; fileRef = C474B36322C95791004BB312 /* Main.storyboard */; };
		C474B36722C95792004BB312 /* Assets.xcassets in Resources */ = {isa = PBXBuildFile; fileRef = C474B36622C95792004BB312 /* Assets.xcassets */; };
		C474B36A22C95792004BB312 /* LaunchScreen.storyboard in Resources */ = {isa = PBXBuildFile; fileRef = C474B36822C95792004BB312 /* LaunchScreen.storyboard */; };
		C474B37222C95A69004BB312 /* Session.swift in Sources */ = {isa = PBXBuildFile; fileRef = C474B37122C95A69004BB312 /* Session.swift */; };
/* End PBXBuildFile section */

/* Begin PBXFileReference section */
		C474B35C22C95791004BB312 /* YY_Client_APP.app */ = {isa = PBXFileReference; explicitFileType = wrapper.application; includeInIndex = 0; path = YY_Client_APP.app; sourceTree = BUILT_PRODUCTS_DIR; };
		C474B35F22C95791004BB312 /* AppDelegate.swift */ = {isa = PBXFileReference; lastKnownFileType = sourcecode.swift; path = AppDelegate.swift; sourceTree = "<group>"; };
		C474B36122C95791004BB312 /* ViewController.swift */ = {isa = PBXFileReference; lastKnownFileType = sourcecode.swift; path = ViewController.swift; sourceTree = "<group>"; };
		C474B36422C95791004BB312 /* Base */ = {isa = PBXFileReference; lastKnownFileType = file.storyboard; name = Base; path = Base.lproj/Main.storyboard; sourceTree = "<group>"; };
		C474B36622C95792004BB312 /* Assets.xcassets */ = {isa = PBXFileReference; lastKnownFileType = folder.assetcatalog; path = Assets.xcassets; sourceTree = "<group>"; };
		C474B36922C95792004BB312 /* Base */ = {isa = PBXFileReference; lastKnownFileType = file.storyboard; name = Base; path = Base.lproj/LaunchScreen.storyboard; sourceTree = "<group>"; };
		C474B36B22C95792004BB312 /* Info.plist */ = {isa = PBXFileReference; lastKnownFileType = text.plist.xml; path = Info.plist; sourceTree = "<group>"; };
		C474B37122C95A69004BB312 /* Session.swift */ = {isa = PBXFileReference; lastKnownFileType = sourcecode.swift; path = Session.swift; sourceTree = "<group>"; };
/* End PBXFileReference section */

/* Begin PBXFrameworksBuildPhase section */
		C474B35922C95791004BB312 /* Frameworks */ = {
			isa = PBXFrameworksBuildPhase;
			buildActionMask = 2147483647;
			files = (
			);
			runOnlyForDeploymentPostprocessing = 0;
		};
/* End PBXFrameworksBuildPhase section */

/* Begin PBXGroup section */
		C474B35322C95791004BB312 = {
			isa = PBXGroup;
			children = (
				C474B35E22C95791004BB312 /* YY_Client_APP */,
				C474B35D22C95791004BB312 /* Products */,
			);
			sourceTree = "<group>";
		};
		C474B35D22C95791004BB312 /* Products */ = {
			isa = PBXGroup;
			children = (
				C474B35C22C95791004BB312 /* YY_Client_APP.app */,
			);
			name = Products;
			sourceTree = "<group>";
		};
		C474B35E22C95791004BB312 /* YY_Client_APP */ = {
			isa = PBXGroup;
			children = (
				C474B37522C95BFF004BB312 /* ViewControllers */,
				C474B37422C95BDA004BB312 /* Models */,
				C474B37322C95BA9004BB312 /* Views */,
				C474B35F22C95791004BB312 /* AppDelegate.swift */,
				C474B36622C95792004BB312 /* Assets.xcassets */,
				C474B36B22C95792004BB312 /* Info.plist */,
			);
			path = YY_Client_APP;
			sourceTree = "<group>";
		};
		C474B37322C95BA9004BB312 /* Views */ = {
			isa = PBXGroup;
			children = (
				C474B36822C95792004BB312 /* LaunchScreen.storyboard */,
				C474B36322C95791004BB312 /* Main.storyboard */,
			);
			path = Views;
			sourceTree = "<group>";
		};
		C474B37422C95BDA004BB312 /* Models */ = {
			isa = PBXGroup;
			children = (
				C474B37122C95A69004BB312 /* Session.swift */,
			);
			path = Models;
			sourceTree = "<group>";
		};
		C474B37522C95BFF004BB312 /* ViewControllers */ = {
			isa = PBXGroup;
			children = (
				C474B36122C95791004BB312 /* ViewController.swift */,
			);
			path = ViewControllers;
			sourceTree = "<group>";
		};
/* End PBXGroup section */

/* Begin PBXNativeTarget section */
		C474B35B22C95791004BB312 /* YY_Client_APP */ = {
			isa = PBXNativeTarget;
			buildConfigurationList = C474B36E22C95792004BB312 /* Build configuration list for PBXNativeTarget "YY_Client_APP" */;
			buildPhases = (
				C474B35822C95791004BB312 /* Sources */,
				C474B35922C95791004BB312 /* Frameworks */,
				C474B35A22C95791004BB312 /* Resources */,
			);
			buildRules = (
			);
			dependencies = (
			);
			name = YY_Client_APP;
			productName = YY_Client_APP;
			productReference = C474B35C22C95791004BB312 /* YY_Client_APP.app */;
			productType = "com.apple.product-type.application";
		};
/* End PBXNativeTarget section */

/* Begin PBXProject section */
		C474B35422C95791004BB312 /* Project object */ = {
			isa = PBXProject;
			attributes = {
				LastSwiftUpdateCheck = 1020;
				LastUpgradeCheck = 1020;
				ORGANIZATIONNAME = "Ярослав Ясинский";
				TargetAttributes = {
					C474B35B22C95791004BB312 = {
						CreatedOnToolsVersion = 10.2.1;
					};
				};
			};
			buildConfigurationList = C474B35722C95791004BB312 /* Build configuration list for PBXProject "YY_Client_APP" */;
			compatibilityVersion = "Xcode 9.3";
			developmentRegion = en;
			hasScannedForEncodings = 0;
			knownRegions = (
				en,
				Base,
			);
			mainGroup = C474B35322C95791004BB312;
			productRefGroup = C474B35D22C95791004BB312 /* Products */;
			projectDirPath = "";
			projectRoot = "";
			targets = (
				C474B35B22C95791004BB312 /* YY_Client_APP */,
			);
		};
/* End PBXProject section */

/* Begin PBXResourcesBuildPhase section */
		C474B35A22C95791004BB312 /* Resources */ = {
			isa = PBXResourcesBuildPhase;
			buildActionMask = 2147483647;
			files = (
				C474B36A22C95792004BB312 /* LaunchScreen.storyboard in Resources */,
				C474B36722C95792004BB312 /* Assets.xcassets in Resources */,
				C474B36522C95791004BB312 /* Main.storyboard in Resources */,
			);
			runOnlyForDeploymentPostprocessing = 0;
		};
/* End PBXResourcesBuildPhase section */

/* Begin PBXSourcesBuildPhase section */
		C474B35822C95791004BB312 /* Sources */ = {
			isa = PBXSourcesBuildPhase;
			buildActionMask = 2147483647;
			files = (
				C474B36222C95791004BB312 /* ViewController.swift in Sources */,
				C474B36022C95791004BB312 /* AppDelegate.swift in Sources */,
				C474B37222C95A69004BB312 /* Session.swift in Sources */,
			);
			runOnlyForDeploymentPostprocessing = 0;
		};
/* End PBXSourcesBuildPhase section */

/* Begin PBXVariantGroup section */
		C474B36322C95791004BB312 /* Main.storyboard */ = {
			isa = PBXVariantGroup;
			children = (
				C474B36422C95791004BB312 /* Base */,
			);
			name = Main.storyboard;
			sourceTree = "<group>";
		};
		C474B36822C95792004BB312 /* LaunchScreen.storyboard */ = {
			isa = PBXVariantGroup;
			children = (
				C474B36922C95792004BB312 /* Base */,
			);
			name = LaunchScreen.storyboard;
			sourceTree = "<group>";
		};
/* End PBXVariantGroup section */

/* Begin XCBuildConfiguration section */
		C474B36C22C95792004BB312 /* Debug */ = {
			isa = XCBuildConfiguration;
			buildSettings = {
				ALWAYS_SEARCH_USER_PATHS = NO;
				CLANG_ANALYZER_NONNULL = YES;
				CLANG_ANALYZER_NUMBER_OBJECT_CONVERSION = YES_AGGRESSIVE;
				CLANG_CXX_LANGUAGE_STANDARD = "gnu++14";
				CLANG_CXX_LIBRARY = "libc++";
				CLANG_ENABLE_MODULES = YES;
				CLANG_ENABLE_OBJC_ARC = YES;
				CLANG_ENABLE_OBJC_WEAK = YES;
				CLANG_WARN_BLOCK_CAPTURE_AUTORELEASING = YES;
				CLANG_WARN_BOOL_CONVERSION = YES;
				CLANG_WARN_COMMA = YES;
				CLANG_WARN_CONSTANT_CONVERSION = YES;
				CLANG_WARN_DEPRECATED_OBJC_IMPLEMENTATIONS = YES;
				CLANG_WARN_DIRECT_OBJC_ISA_USAGE = YES_ERROR;
				CLANG_WARN_DOCUMENTATION_COMMENTS = YES;
				CLANG_WARN_EMPTY_BODY = YES;
				CLANG_WARN_ENUM_CONVERSION = YES;
				CLANG_WARN_INFINITE_RECURSION = YES;
				CLANG_WARN_INT_CONVERSION = YES;
				CLANG_WARN_NON_LITERAL_NULL_CONVERSION = YES;
				CLANG_WARN_OBJC_IMPLICIT_RETAIN_SELF = YES;
				CLANG_WARN_OBJC_LITERAL_CONVERSION = YES;
				CLANG_WARN_OBJC_ROOT_CLASS = YES_ERROR;
				CLANG_WARN_RANGE_LOOP_ANALYSIS = YES;
				CLANG_WARN_STRICT_PROTOTYPES = YES;
				CLANG_WARN_SUSPICIOUS_MOVE = YES;
				CLANG_WARN_UNGUARDED_AVAILABILITY = YES_AGGRESSIVE;
				CLANG_WARN_UNREACHABLE_CODE = YES;
				CLANG_WARN__DUPLICATE_METHOD_MATCH = YES;
				CODE_SIGN_IDENTITY = "iPhone Developer";
				COPY_PHASE_STRIP = NO;
				DEBUG_INFORMATION_FORMAT = dwarf;
				ENABLE_STRICT_OBJC_MSGSEND = YES;
				ENABLE_TESTABILITY = YES;
				GCC_C_LANGUAGE_STANDARD = gnu11;
				GCC_DYNAMIC_NO_PIC = NO;
				GCC_NO_COMMON_BLOCKS = YES;
				GCC_OPTIMIZATION_LEVEL = 0;
				GCC_PREPROCESSOR_DEFINITIONS = (
					"DEBUG=1",
					"$(inherited)",
				);
				GCC_WARN_64_TO_32_BIT_CONVERSION = YES;
				GCC_WARN_ABOUT_RETURN_TYPE = YES_ERROR;
				GCC_WARN_UNDECLARED_SELECTOR = YES;
				GCC_WARN_UNINITIALIZED_AUTOS = YES_AGGRESSIVE;
				GCC_WARN_UNUSED_FUNCTION = YES;
				GCC_WARN_UNUSED_VARIABLE = YES;
				IPHONEOS_DEPLOYMENT_TARGET = 12.2;
				MTL_ENABLE_DEBUG_INFO = INCLUDE_SOURCE;
				MTL_FAST_MATH = YES;
				ONLY_ACTIVE_ARCH = YES;
				SDKROOT = iphoneos;
				SWIFT_ACTIVE_COMPILATION_CONDITIONS = DEBUG;
				SWIFT_OPTIMIZATION_LEVEL = "-Onone";
			};
			name = Debug;
		};
		C474B36D22C95792004BB312 /* Release */ = {
			isa = XCBuildConfiguration;
			buildSettings = {
				ALWAYS_SEARCH_USER_PATHS = NO;
				CLANG_ANALYZER_NONNULL = YES;
				CLANG_ANALYZER_NUMBER_OBJECT_CONVERSION = YES_AGGRESSIVE;
				CLANG_CXX_LANGUAGE_STANDARD = "gnu++14";
				CLANG_CXX_LIBRARY = "libc++";
				CLANG_ENABLE_MODULES = YES;
				CLANG_ENABLE_OBJC_ARC = YES;
				CLANG_ENABLE_OBJC_WEAK = YES;
				CLANG_WARN_BLOCK_CAPTURE_AUTORELEASING = YES;
				CLANG_WARN_BOOL_CONVERSION = YES;
				CLANG_WARN_COMMA = YES;
				CLANG_WARN_CONSTANT_CONVERSION = YES;
				CLANG_WARN_DEPRECATED_OBJC_IMPLEMENTATIONS = YES;
				CLANG_WARN_DIRECT_OBJC_ISA_USAGE = YES_ERROR;
				CLANG_WARN_DOCUMENTATION_COMMENTS = YES;
				CLANG_WARN_EMPTY_BODY = YES;
				CLANG_WARN_ENUM_CONVERSION = YES;
				CLANG_WARN_INFINITE_RECURSION = YES;
				CLANG_WARN_INT_CONVERSION = YES;
				CLANG_WARN_NON_LITERAL_NULL_CONVERSION = YES;
				CLANG_WARN_OBJC_IMPLICIT_RETAIN_SELF = YES;
				CLANG_WARN_OBJC_LITERAL_CONVERSION = YES;
				CLANG_WARN_OBJC_ROOT_CLASS = YES_ERROR;
				CLANG_WARN_RANGE_LOOP_ANALYSIS = YES;
				CLANG_WARN_STRICT_PROTOTYPES = YES;
				CLANG_WARN_SUSPICIOUS_MOVE = YES;
				CLANG_WARN_UNGUARDED_AVAILABILITY = YES_AGGRESSIVE;
				CLANG_WARN_UNREACHABLE_CODE = YES;
				CLANG_WARN__DUPLICATE_METHOD_MATCH = YES;
				CODE_SIGN_IDENTITY = "iPhone Developer";
				COPY_PHASE_STRIP = NO;
				DEBUG_INFORMATION_FORMAT = "dwarf-with-dsym";
				ENABLE_NS_ASSERTIONS = NO;
				ENABLE_STRICT_OBJC_MSGSEND = YES;
				GCC_C_LANGUAGE_STANDARD = gnu11;
				GCC_NO_COMMON_BLOCKS = YES;
				GCC_WARN_64_TO_32_BIT_CONVERSION = YES;
				GCC_WARN_ABOUT_RETURN_TYPE = YES_ERROR;
				GCC_WARN_UNDECLARED_SELECTOR = YES;
				GCC_WARN_UNINITIALIZED_AUTOS = YES_AGGRESSIVE;
				GCC_WARN_UNUSED_FUNCTION = YES;
				GCC_WARN_UNUSED_VARIABLE = YES;
				IPHONEOS_DEPLOYMENT_TARGET = 12.2;
				MTL_ENABLE_DEBUG_INFO = NO;
				MTL_FAST_MATH = YES;
				SDKROOT = iphoneos;
				SWIFT_COMPILATION_MODE = wholemodule;
				SWIFT_OPTIMIZATION_LEVEL = "-O";
				VALIDATE_PRODUCT = YES;
			};
			name = Release;
		};
		C474B36F22C95792004BB312 /* Debug */ = {
			isa = XCBuildConfiguration;
			buildSettings = {
				ASSETCATALOG_COMPILER_APPICON_NAME = AppIcon;
				CODE_SIGN_STYLE = Automatic;
				DEVELOPMENT_TEAM = 758BV5VSRM;
				INFOPLIST_FILE = YY_Client_APP/Info.plist;
				LD_RUNPATH_SEARCH_PATHS = (
					"$(inherited)",
					"@executable_path/Frameworks",
				);
				PRODUCT_BUNDLE_IDENTIFIER = "com.nerdtrio.YY-Client-APP";
				PRODUCT_NAME = "$(TARGET_NAME)";
				SWIFT_VERSION = 5.0;
				TARGETED_DEVICE_FAMILY = "1,2";
			};
			name = Debug;
		};
		C474B37022C95792004BB312 /* Release */ = {
			isa = XCBuildConfiguration;
			buildSettings = {
				ASSETCATALOG_COMPILER_APPICON_NAME = AppIcon;
				CODE_SIGN_STYLE = Automatic;
				DEVELOPMENT_TEAM = 758BV5VSRM;
				INFOPLIST_FILE = YY_Client_APP/Info.plist;
				LD_RUNPATH_SEARCH_PATHS = (
					"$(inherited)",
					"@executable_path/Frameworks",
				);
				PRODUCT_BUNDLE_IDENTIFIER = "com.nerdtrio.YY-Client-APP";
				PRODUCT_NAME = "$(TARGET_NAME)";
				SWIFT_VERSION = 5.0;
				TARGETED_DEVICE_FAMILY = "1,2";
			};
			name = Release;
		};
/* End XCBuildConfiguration section */

/* Begin XCConfigurationList section */
		C474B35722C95791004BB312 /* Build configuration list for PBXProject "YY_Client_APP" */ = {
			isa = XCConfigurationList;
			buildConfigurations = (
				C474B36C22C95792004BB312 /* Debug */,
				C474B36D22C95792004BB312 /* Release */,
			);
			defaultConfigurationIsVisible = 0;
			defaultConfigurationName = Release;
		};
		C474B36E22C95792004BB312 /* Build configuration list for PBXNativeTarget "YY_Client_APP" */ = {
			isa = XCConfigurationList;
			buildConfigurations = (
				C474B36F22C95792004BB312 /* Debug */,
				C474B37022C95792004BB312 /* Release */,
			);
			defaultConfigurationIsVisible = 0;
			defaultConfigurationName = Release;
		};
/* End XCConfigurationList section */
	};
	rootObject = C474B35422C95791004BB312 /* Project object */;
}
