// !$*UTF8*$!
{
	archiveVersion = 1;
	classes = {
	};
	objectVersion = 51;
	objects = {

/* Begin PBXBuildFile section */
		C474B36022C95791004BB312 /* AppDelegate.swift in Sources */ = {isa = PBXBuildFile; fileRef = C474B35F22C95791004BB312 /* AppDelegate.swift */; };
		C474B36222C95791004BB312 /* ViewController.swift in Sources */ = {isa = PBXBuildFile; fileRef = C474B36122C95791004BB312 /* ViewController.swift */; };
		C474B36522C95791004BB312 /* Main.storyboard in Resources */ = {isa = PBXBuildFile; fileRef = C474B36322C95791004BB312 /* Main.storyboard */; };
		C474B36722C95792004BB312 /* Assets.xcassets in Resources */ = {isa = PBXBuildFile; fileRef = C474B36622C95792004BB312 /* Assets.xcassets */; };
		C474B36A22C95792004BB312 /* LaunchScreen.storyboard in Resources */ = {isa = PBXBuildFile; fileRef = C474B36822C95792004BB312 /* LaunchScreen.storyboard */; };
		C474B37222C95A69004BB312 /* Session.swift in Sources */ = {isa = PBXBuildFile; fileRef = C474B37122C95A69004BB312 /* Session.swift */; };
		C474B37722CC01FB004BB312 /* WebKit.framework in Frameworks */ = {isa = PBXBuildFile; fileRef = C474B37622CC01FB004BB312 /* WebKit.framework */; };
		C474B37922D28C87004BB312 /* VKService.swift in Sources */ = {isa = PBXBuildFile; fileRef = C474B37822D28C87004BB312 /* VKService.swift */; };
		C474B37B22D29917004BB312 /* Friends.swift in Sources */ = {isa = PBXBuildFile; fileRef = C474B37A22D29917004BB312 /* Friends.swift */; };
		C474B37D22D29E2B004BB312 /* Photos.swift in Sources */ = {isa = PBXBuildFile; fileRef = C474B37C22D29E2B004BB312 /* Photos.swift */; };
		C474B37F22D29E4B004BB312 /* Groups.swift in Sources */ = {isa = PBXBuildFile; fileRef = C474B37E22D29E4B004BB312 /* Groups.swift */; };
		C474B38322D2AE37004BB312 /* GroupsViewController.swift in Sources */ = {isa = PBXBuildFile; fileRef = C474B38222D2AE37004BB312 /* GroupsViewController.swift */; };
		C474B38522D2B12F004BB312 /* PhotosViewController.swift in Sources */ = {isa = PBXBuildFile; fileRef = C474B38422D2B12F004BB312 /* PhotosViewController.swift */; };
		C474B38722D2B3FE004BB312 /* FriendsViewController.swift in Sources */ = {isa = PBXBuildFile; fileRef = C474B38622D2B3FE004BB312 /* FriendsViewController.swift */; };
		C474B38922D2B46F004BB312 /* SearchGroupsViewController.swift in Sources */ = {isa = PBXBuildFile; fileRef = C474B38822D2B46F004BB312 /* SearchGroupsViewController.swift */; };
		D15D361CA6515F85860C1CEB /* Pods_YY_Client_APP.framework in Frameworks */ = {isa = PBXBuildFile; fileRef = 3437B2D01B9EBE0ADAA5B2F6 /* Pods_YY_Client_APP.framework */; };
/* End PBXBuildFile section */

/* Begin PBXFileReference section */
		3437B2D01B9EBE0ADAA5B2F6 /* Pods_YY_Client_APP.framework */ = {isa = PBXFileReference; explicitFileType = wrapper.framework; includeInIndex = 0; path = Pods_YY_Client_APP.framework; sourceTree = BUILT_PRODUCTS_DIR; };
		7A58489477F1F216A445FEEB /* Pods-YY_Client_APP.release.xcconfig */ = {isa = PBXFileReference; includeInIndex = 1; lastKnownFileType = text.xcconfig; name = "Pods-YY_Client_APP.release.xcconfig"; path = "Target Support Files/Pods-YY_Client_APP/Pods-YY_Client_APP.release.xcconfig"; sourceTree = "<group>"; };
		C474B35C22C95791004BB312 /* YY_Client_APP.app */ = {isa = PBXFileReference; explicitFileType = wrapper.application; includeInIndex = 0; path = YY_Client_APP.app; sourceTree = BUILT_PRODUCTS_DIR; };
		C474B35F22C95791004BB312 /* AppDelegate.swift */ = {isa = PBXFileReference; lastKnownFileType = sourcecode.swift; path = AppDelegate.swift; sourceTree = "<group>"; };
		C474B36122C95791004BB312 /* ViewController.swift */ = {isa = PBXFileReference; lastKnownFileType = sourcecode.swift; path = ViewController.swift; sourceTree = "<group>"; };
		C474B36422C95791004BB312 /* Base */ = {isa = PBXFileReference; lastKnownFileType = file.storyboard; name = Base; path = Base.lproj/Main.storyboard; sourceTree = "<group>"; };
		C474B36622C95792004BB312 /* Assets.xcassets */ = {isa = PBXFileReference; lastKnownFileType = folder.assetcatalog; path = Assets.xcassets; sourceTree = "<group>"; };
		C474B36922C95792004BB312 /* Base */ = {isa = PBXFileReference; lastKnownFileType = file.storyboard; name = Base; path = Base.lproj/LaunchScreen.storyboard; sourceTree = "<group>"; };
		C474B36B22C95792004BB312 /* Info.plist */ = {isa = PBXFileReference; lastKnownFileType = text.plist.xml; path = Info.plist; sourceTree = "<group>"; };
		C474B37122C95A69004BB312 /* Session.swift */ = {isa = PBXFileReference; lastKnownFileType = sourcecode.swift; path = Session.swift; sourceTree = "<group>"; };
		C474B37622CC01FB004BB312 /* WebKit.framework */ = {isa = PBXFileReference; lastKnownFileType = wrapper.framework; name = WebKit.framework; path = System/Library/Frameworks/WebKit.framework; sourceTree = SDKROOT; };
		C474B37822D28C87004BB312 /* VKService.swift */ = {isa = PBXFileReference; lastKnownFileType = sourcecode.swift; path = VKService.swift; sourceTree = "<group>"; };
		C474B37A22D29917004BB312 /* Friends.swift */ = {isa = PBXFileReference; lastKnownFileType = sourcecode.swift; path = Friends.swift; sourceTree = "<group>"; };
		C474B37C22D29E2B004BB312 /* Photos.swift */ = {isa = PBXFileReference; lastKnownFileType = sourcecode.swift; path = Photos.swift; sourceTree = "<group>"; };
		C474B37E22D29E4B004BB312 /* Groups.swift */ = {isa = PBXFileReference; lastKnownFileType = sourcecode.swift; path = Groups.swift; sourceTree = "<group>"; };
		C474B38222D2AE37004BB312 /* GroupsViewController.swift */ = {isa = PBXFileReference; lastKnownFileType = sourcecode.swift; path = GroupsViewController.swift; sourceTree = "<group>"; };
		C474B38422D2B12F004BB312 /* PhotosViewController.swift */ = {isa = PBXFileReference; lastKnownFileType = sourcecode.swift; path = PhotosViewController.swift; sourceTree = "<group>"; };
		C474B38622D2B3FE004BB312 /* FriendsViewController.swift */ = {isa = PBXFileReference; lastKnownFileType = sourcecode.swift; path = FriendsViewController.swift; sourceTree = "<group>"; };
		C474B38822D2B46F004BB312 /* SearchGroupsViewController.swift */ = {isa = PBXFileReference; lastKnownFileType = sourcecode.swift; path = SearchGroupsViewController.swift; sourceTree = "<group>"; };
		D8C6A281CC11ACA6106FF550 /* Pods-YY_Client_APP.debug.xcconfig */ = {isa = PBXFileReference; includeInIndex = 1; lastKnownFileType = text.xcconfig; name = "Pods-YY_Client_APP.debug.xcconfig"; path = "Target Support Files/Pods-YY_Client_APP/Pods-YY_Client_APP.debug.xcconfig"; sourceTree = "<group>"; };
/* End PBXFileReference section */

/* Begin PBXFrameworksBuildPhase section */
		C474B35922C95791004BB312 /* Frameworks */ = {
			isa = PBXFrameworksBuildPhase;
			buildActionMask = 2147483647;
			files = (
				C474B37722CC01FB004BB312 /* WebKit.framework in Frameworks */,
				D15D361CA6515F85860C1CEB /* Pods_YY_Client_APP.framework in Frameworks */,
			);
			runOnlyForDeploymentPostprocessing = 0;
		};
/* End PBXFrameworksBuildPhase section */

/* Begin PBXGroup section */
		2C16186F18501AB4444654E2 /* Frameworks */ = {
			isa = PBXGroup;
			children = (
				C474B37622CC01FB004BB312 /* WebKit.framework */,
				3437B2D01B9EBE0ADAA5B2F6 /* Pods_YY_Client_APP.framework */,
			);
			name = Frameworks;
			sourceTree = "<group>";
		};
		C474B35322C95791004BB312 = {
			isa = PBXGroup;
			children = (
				C474B35E22C95791004BB312 /* YY_Client_APP */,
				C474B35D22C95791004BB312 /* Products */,
				F1F6A21036D630BCE77C0480 /* Pods */,
				2C16186F18501AB4444654E2 /* Frameworks */,
			);
			sourceTree = "<group>";
		};
		C474B35D22C95791004BB312 /* Products */ = {
			isa = PBXGroup;
			children = (
				C474B35C22C95791004BB312 /* YY_Client_APP.app */,
			);
			name = Products;
			sourceTree = "<group>";
		};
		C474B35E22C95791004BB312 /* YY_Client_APP */ = {
			isa = PBXGroup;
			children = (
				C474B37522C95BFF004BB312 /* ViewControllers */,
				C474B37422C95BDA004BB312 /* Models */,
				C474B37322C95BA9004BB312 /* Views */,
				C474B35F22C95791004BB312 /* AppDelegate.swift */,
				C474B36622C95792004BB312 /* Assets.xcassets */,
				C474B36B22C95792004BB312 /* Info.plist */,
			);
			path = YY_Client_APP;
			sourceTree = "<group>";
		};
		C474B37322C95BA9004BB312 /* Views */ = {
			isa = PBXGroup;
			children = (
				C474B36822C95792004BB312 /* LaunchScreen.storyboard */,
				C474B36322C95791004BB312 /* Main.storyboard */,
			);
			path = Views;
			sourceTree = "<group>";
		};
		C474B37422C95BDA004BB312 /* Models */ = {
			isa = PBXGroup;
			children = (
				C474B37122C95A69004BB312 /* Session.swift */,
				C474B37822D28C87004BB312 /* VKService.swift */,
				C474B37A22D29917004BB312 /* Friends.swift */,
				C474B37C22D29E2B004BB312 /* Photos.swift */,
				C474B37E22D29E4B004BB312 /* Groups.swift */,
			);
			path = Models;
			sourceTree = "<group>";
		};
		C474B37522C95BFF004BB312 /* ViewControllers */ = {
			isa = PBXGroup;
			children = (
				C474B36122C95791004BB312 /* ViewController.swift */,
				C474B38222D2AE37004BB312 /* GroupsViewController.swift */,
				C474B38422D2B12F004BB312 /* PhotosViewController.swift */,
				C474B38622D2B3FE004BB312 /* FriendsViewController.swift */,
				C474B38822D2B46F004BB312 /* SearchGroupsViewController.swift */,
			);
			path = ViewControllers;
			sourceTree = "<group>";
		};
		F1F6A21036D630BCE77C0480 /* Pods */ = {
			isa = PBXGroup;
			children = (
				D8C6A281CC11ACA6106FF550 /* Pods-YY_Client_APP.debug.xcconfig */,
				7A58489477F1F216A445FEEB /* Pods-YY_Client_APP.release.xcconfig */,
			);
			path = Pods;
			sourceTree = "<group>";
		};
/* End PBXGroup section */

/* Begin PBXNativeTarget section */
		C474B35B22C95791004BB312 /* YY_Client_APP */ = {
			isa = PBXNativeTarget;
			buildConfigurationList = C474B36E22C95792004BB312 /* Build configuration list for PBXNativeTarget "YY_Client_APP" */;
			buildPhases = (
				47B48D749BE3A422F30CFEE8 /* [CP] Check Pods Manifest.lock */,
				C474B35822C95791004BB312 /* Sources */,
				C474B35922C95791004BB312 /* Frameworks */,
				C474B35A22C95791004BB312 /* Resources */,
				6C3B7346602D5BA60298E9C7 /* [CP] Embed Pods Frameworks */,
			);
			buildRules = (
			);
			dependencies = (
			);
			name = YY_Client_APP;
			productName = YY_Client_APP;
			productReference = C474B35C22C95791004BB312 /* YY_Client_APP.app */;
			productType = "com.apple.product-type.application";
		};
/* End PBXNativeTarget section */

/* Begin PBXProject section */
		C474B35422C95791004BB312 /* Project object */ = {
			isa = PBXProject;
			attributes = {
				LastSwiftUpdateCheck = 1020;
				LastUpgradeCheck = 1020;
				ORGANIZATIONNAME = "Ярослав Ясинский";
				TargetAttributes = {
					C474B35B22C95791004BB312 = {
						CreatedOnToolsVersion = 10.2.1;
					};
				};
			};
			buildConfigurationList = C474B35722C95791004BB312 /* Build configuration list for PBXProject "YY_Client_APP" */;
			compatibilityVersion = "Xcode 9.3";
			developmentRegion = en;
			hasScannedForEncodings = 0;
			knownRegions = (
				en,
				Base,
			);
			mainGroup = C474B35322C95791004BB312;
			productRefGroup = C474B35D22C95791004BB312 /* Products */;
			projectDirPath = "";
			projectRoot = "";
			targets = (
				C474B35B22C95791004BB312 /* YY_Client_APP */,
			);
		};
/* End PBXProject section */

/* Begin PBXResourcesBuildPhase section */
		C474B35A22C95791004BB312 /* Resources */ = {
			isa = PBXResourcesBuildPhase;
			buildActionMask = 2147483647;
			files = (
				C474B36A22C95792004BB312 /* LaunchScreen.storyboard in Resources */,
				C474B36722C95792004BB312 /* Assets.xcassets in Resources */,
				C474B36522C95791004BB312 /* Main.storyboard in Resources */,
			);
			runOnlyForDeploymentPostprocessing = 0;
		};
/* End PBXResourcesBuildPhase section */

/* Begin PBXShellScriptBuildPhase section */
		47B48D749BE3A422F30CFEE8 /* [CP] Check Pods Manifest.lock */ = {
			isa = PBXShellScriptBuildPhase;
			buildActionMask = 2147483647;
			files = (
			);
			inputFileListPaths = (
			);
			inputPaths = (
				"${PODS_PODFILE_DIR_PATH}/Podfile.lock",
				"${PODS_ROOT}/Manifest.lock",
			);
			name = "[CP] Check Pods Manifest.lock";
			outputFileListPaths = (
			);
			outputPaths = (
				"$(DERIVED_FILE_DIR)/Pods-YY_Client_APP-checkManifestLockResult.txt",
			);
			runOnlyForDeploymentPostprocessing = 0;
			shellPath = /bin/sh;
			shellScript = "diff \"${PODS_PODFILE_DIR_PATH}/Podfile.lock\" \"${PODS_ROOT}/Manifest.lock\" > /dev/null\nif [ $? != 0 ] ; then\n    # print error to STDERR\n    echo \"error: The sandbox is not in sync with the Podfile.lock. Run 'pod install' or update your CocoaPods installation.\" >&2\n    exit 1\nfi\n# This output is used by Xcode 'outputs' to avoid re-running this script phase.\necho \"SUCCESS\" > \"${SCRIPT_OUTPUT_FILE_0}\"\n";
			showEnvVarsInLog = 0;
		};
		6C3B7346602D5BA60298E9C7 /* [CP] Embed Pods Frameworks */ = {
			isa = PBXShellScriptBuildPhase;
			buildActionMask = 2147483647;
			files = (
			);
			inputFileListPaths = (
				"${PODS_ROOT}/Target Support Files/Pods-YY_Client_APP/Pods-YY_Client_APP-frameworks-${CONFIGURATION}-input-files.xcfilelist",
			);
			name = "[CP] Embed Pods Frameworks";
			outputFileListPaths = (
				"${PODS_ROOT}/Target Support Files/Pods-YY_Client_APP/Pods-YY_Client_APP-frameworks-${CONFIGURATION}-output-files.xcfilelist",
			);
			runOnlyForDeploymentPostprocessing = 0;
			shellPath = /bin/sh;
			shellScript = "\"${PODS_ROOT}/Target Support Files/Pods-YY_Client_APP/Pods-YY_Client_APP-frameworks.sh\"\n";
			showEnvVarsInLog = 0;
		};
/* End PBXShellScriptBuildPhase section */

/* Begin PBXSourcesBuildPhase section */
		C474B35822C95791004BB312 /* Sources */ = {
			isa = PBXSourcesBuildPhase;
			buildActionMask = 2147483647;
			files = (
				C474B38522D2B12F004BB312 /* PhotosViewController.swift in Sources */,
				C474B37D22D29E2B004BB312 /* Photos.swift in Sources */,
				C474B37922D28C87004BB312 /* VKService.swift in Sources */,
				C474B36222C95791004BB312 /* ViewController.swift in Sources */,
				C474B38922D2B46F004BB312 /* SearchGroupsViewController.swift in Sources */,
				C474B36022C95791004BB312 /* AppDelegate.swift in Sources */,
				C474B38322D2AE37004BB312 /* GroupsViewController.swift in Sources */,
				C474B38722D2B3FE004BB312 /* FriendsViewController.swift in Sources */,
				C474B37B22D29917004BB312 /* Friends.swift in Sources */,
				C474B37222C95A69004BB312 /* Session.swift in Sources */,
				C474B37F22D29E4B004BB312 /* Groups.swift in Sources */,
			);
			runOnlyForDeploymentPostprocessing = 0;
		};
/* End PBXSourcesBuildPhase section */

/* Begin PBXVariantGroup section */
		C474B36322C95791004BB312 /* Main.storyboard */ = {
			isa = PBXVariantGroup;
			children = (
				C474B36422C95791004BB312 /* Base */,
			);
			name = Main.storyboard;
			sourceTree = "<group>";
		};
		C474B36822C95792004BB312 /* LaunchScreen.storyboard */ = {
			isa = PBXVariantGroup;
			children = (
				C474B36922C95792004BB312 /* Base */,
			);
			name = LaunchScreen.storyboard;
			sourceTree = "<group>";
		};
/* End PBXVariantGroup section */

/* Begin XCBuildConfiguration section */
		C474B36C22C95792004BB312 /* Debug */ = {
			isa = XCBuildConfiguration;
			buildSettings = {
				ALWAYS_SEARCH_USER_PATHS = NO;
				CLANG_ANALYZER_NONNULL = YES;
				CLANG_ANALYZER_NUMBER_OBJECT_CONVERSION = YES_AGGRESSIVE;
				CLANG_CXX_LANGUAGE_STANDARD = "gnu++14";
				CLANG_CXX_LIBRARY = "libc++";
				CLANG_ENABLE_MODULES = YES;
				CLANG_ENABLE_OBJC_ARC = YES;
				CLANG_ENABLE_OBJC_WEAK = YES;
				CLANG_WARN_BLOCK_CAPTURE_AUTORELEASING = YES;
				CLANG_WARN_BOOL_CONVERSION = YES;
				CLANG_WARN_COMMA = YES;
				CLANG_WARN_CONSTANT_CONVERSION = YES;
				CLANG_WARN_DEPRECATED_OBJC_IMPLEMENTATIONS = YES;
				CLANG_WARN_DIRECT_OBJC_ISA_USAGE = YES_ERROR;
				CLANG_WARN_DOCUMENTATION_COMMENTS = YES;
				CLANG_WARN_EMPTY_BODY = YES;
				CLANG_WARN_ENUM_CONVERSION = YES;
				CLANG_WARN_INFINITE_RECURSION = YES;
				CLANG_WARN_INT_CONVERSION = YES;
				CLANG_WARN_NON_LITERAL_NULL_CONVERSION = YES;
				CLANG_WARN_OBJC_IMPLICIT_RETAIN_SELF = YES;
				CLANG_WARN_OBJC_LITERAL_CONVERSION = YES;
				CLANG_WARN_OBJC_ROOT_CLASS = YES_ERROR;
				CLANG_WARN_RANGE_LOOP_ANALYSIS = YES;
				CLANG_WARN_STRICT_PROTOTYPES = YES;
				CLANG_WARN_SUSPICIOUS_MOVE = YES;
				CLANG_WARN_UNGUARDED_AVAILABILITY = YES_AGGRESSIVE;
				CLANG_WARN_UNREACHABLE_CODE = YES;
				CLANG_WARN__DUPLICATE_METHOD_MATCH = YES;
				CODE_SIGN_IDENTITY = "iPhone Developer";
				COPY_PHASE_STRIP = NO;
				DEBUG_INFORMATION_FORMAT = dwarf;
				ENABLE_STRICT_OBJC_MSGSEND = YES;
				ENABLE_TESTABILITY = YES;
				GCC_C_LANGUAGE_STANDARD = gnu11;
				GCC_DYNAMIC_NO_PIC = NO;
				GCC_NO_COMMON_BLOCKS = YES;
				GCC_OPTIMIZATION_LEVEL = 0;
				GCC_PREPROCESSOR_DEFINITIONS = (
					"DEBUG=1",
					"$(inherited)",
				);
				GCC_WARN_64_TO_32_BIT_CONVERSION = YES;
				GCC_WARN_ABOUT_RETURN_TYPE = YES_ERROR;
				GCC_WARN_UNDECLARED_SELECTOR = YES;
				GCC_WARN_UNINITIALIZED_AUTOS = YES_AGGRESSIVE;
				GCC_WARN_UNUSED_FUNCTION = YES;
				GCC_WARN_UNUSED_VARIABLE = YES;
				IPHONEOS_DEPLOYMENT_TARGET = 12.2;
				MTL_ENABLE_DEBUG_INFO = INCLUDE_SOURCE;
				MTL_FAST_MATH = YES;
				ONLY_ACTIVE_ARCH = YES;
				SDKROOT = iphoneos;
				SWIFT_ACTIVE_COMPILATION_CONDITIONS = DEBUG;
				SWIFT_OPTIMIZATION_LEVEL = "-Onone";
			};
			name = Debug;
		};
		C474B36D22C95792004BB312 /* Release */ = {
			isa = XCBuildConfiguration;
			buildSettings = {
				ALWAYS_SEARCH_USER_PATHS = NO;
				CLANG_ANALYZER_NONNULL = YES;
				CLANG_ANALYZER_NUMBER_OBJECT_CONVERSION = YES_AGGRESSIVE;
				CLANG_CXX_LANGUAGE_STANDARD = "gnu++14";
				CLANG_CXX_LIBRARY = "libc++";
				CLANG_ENABLE_MODULES = YES;
				CLANG_ENABLE_OBJC_ARC = YES;
				CLANG_ENABLE_OBJC_WEAK = YES;
				CLANG_WARN_BLOCK_CAPTURE_AUTORELEASING = YES;
				CLANG_WARN_BOOL_CONVERSION = YES;
				CLANG_WARN_COMMA = YES;
				CLANG_WARN_CONSTANT_CONVERSION = YES;
				CLANG_WARN_DEPRECATED_OBJC_IMPLEMENTATIONS = YES;
				CLANG_WARN_DIRECT_OBJC_ISA_USAGE = YES_ERROR;
				CLANG_WARN_DOCUMENTATION_COMMENTS = YES;
				CLANG_WARN_EMPTY_BODY = YES;
				CLANG_WARN_ENUM_CONVERSION = YES;
				CLANG_WARN_INFINITE_RECURSION = YES;
				CLANG_WARN_INT_CONVERSION = YES;
				CLANG_WARN_NON_LITERAL_NULL_CONVERSION = YES;
				CLANG_WARN_OBJC_IMPLICIT_RETAIN_SELF = YES;
				CLANG_WARN_OBJC_LITERAL_CONVERSION = YES;
				CLANG_WARN_OBJC_ROOT_CLASS = YES_ERROR;
				CLANG_WARN_RANGE_LOOP_ANALYSIS = YES;
				CLANG_WARN_STRICT_PROTOTYPES = YES;
				CLANG_WARN_SUSPICIOUS_MOVE = YES;
				CLANG_WARN_UNGUARDED_AVAILABILITY = YES_AGGRESSIVE;
				CLANG_WARN_UNREACHABLE_CODE = YES;
				CLANG_WARN__DUPLICATE_METHOD_MATCH = YES;
				CODE_SIGN_IDENTITY = "iPhone Developer";
				COPY_PHASE_STRIP = NO;
				DEBUG_INFORMATION_FORMAT = "dwarf-with-dsym";
				ENABLE_NS_ASSERTIONS = NO;
				ENABLE_STRICT_OBJC_MSGSEND = YES;
				GCC_C_LANGUAGE_STANDARD = gnu11;
				GCC_NO_COMMON_BLOCKS = YES;
				GCC_WARN_64_TO_32_BIT_CONVERSION = YES;
				GCC_WARN_ABOUT_RETURN_TYPE = YES_ERROR;
				GCC_WARN_UNDECLARED_SELECTOR = YES;
				GCC_WARN_UNINITIALIZED_AUTOS = YES_AGGRESSIVE;
				GCC_WARN_UNUSED_FUNCTION = YES;
				GCC_WARN_UNUSED_VARIABLE = YES;
				IPHONEOS_DEPLOYMENT_TARGET = 12.2;
				MTL_ENABLE_DEBUG_INFO = NO;
				MTL_FAST_MATH = YES;
				SDKROOT = iphoneos;
				SWIFT_COMPILATION_MODE = wholemodule;
				SWIFT_OPTIMIZATION_LEVEL = "-O";
				VALIDATE_PRODUCT = YES;
			};
			name = Release;
		};
		C474B36F22C95792004BB312 /* Debug */ = {
			isa = XCBuildConfiguration;
			baseConfigurationReference = D8C6A281CC11ACA6106FF550 /* Pods-YY_Client_APP.debug.xcconfig */;
			buildSettings = {
				ASSETCATALOG_COMPILER_APPICON_NAME = AppIcon;
				CODE_SIGN_STYLE = Automatic;
				DEVELOPMENT_TEAM = 758BV5VSRM;
				INFOPLIST_FILE = YY_Client_APP/Info.plist;
				LD_RUNPATH_SEARCH_PATHS = (
					"$(inherited)",
					"@executable_path/Frameworks",
				);
				PRODUCT_BUNDLE_IDENTIFIER = "com.nerdtrio.YY-Client-APP";
				PRODUCT_NAME = "$(TARGET_NAME)";
				SWIFT_VERSION = 5.0;
				TARGETED_DEVICE_FAMILY = "1,2";
			};
			name = Debug;
		};
		C474B37022C95792004BB312 /* Release */ = {
			isa = XCBuildConfiguration;
			baseConfigurationReference = 7A58489477F1F216A445FEEB /* Pods-YY_Client_APP.release.xcconfig */;
			buildSettings = {
				ASSETCATALOG_COMPILER_APPICON_NAME = AppIcon;
				CODE_SIGN_STYLE = Automatic;
				DEVELOPMENT_TEAM = 758BV5VSRM;
				INFOPLIST_FILE = YY_Client_APP/Info.plist;
				LD_RUNPATH_SEARCH_PATHS = (
					"$(inherited)",
					"@executable_path/Frameworks",
				);
				PRODUCT_BUNDLE_IDENTIFIER = "com.nerdtrio.YY-Client-APP";
				PRODUCT_NAME = "$(TARGET_NAME)";
				SWIFT_VERSION = 5.0;
				TARGETED_DEVICE_FAMILY = "1,2";
			};
			name = Release;
		};
/* End XCBuildConfiguration section */

/* Begin XCConfigurationList section */
		C474B35722C95791004BB312 /* Build configuration list for PBXProject "YY_Client_APP" */ = {
			isa = XCConfigurationList;
			buildConfigurations = (
				C474B36C22C95792004BB312 /* Debug */,
				C474B36D22C95792004BB312 /* Release */,
			);
			defaultConfigurationIsVisible = 0;
			defaultConfigurationName = Release;
		};
		C474B36E22C95792004BB312 /* Build configuration list for PBXNativeTarget "YY_Client_APP" */ = {
			isa = XCConfigurationList;
			buildConfigurations = (
				C474B36F22C95792004BB312 /* Debug */,
				C474B37022C95792004BB312 /* Release */,
			);
			defaultConfigurationIsVisible = 0;
			defaultConfigurationName = Release;
		};
/* End XCConfigurationList section */
	};
	rootObject = C474B35422C95791004BB312 /* Project object */;
}
